
Microsoft Visual Studio Solution File, Format Version 12.00
# Visual Studio Version 17
VisualStudioVersion = 17.9.34622.214
MinimumVisualStudioVersion = 10.0.40219.1
Project("{FAE04EC0-301F-11D3-BF4B-00C04F79EFBC}") = "VirtualZooManagementSystem", "VirtualZooManagementSystem\VirtualZooManagementSystem.csproj", "{EE224D78-6BDE-43BC-834C-C9B7671F7ADF}"
EndProject
Global
	GlobalSection(SolutionConfigurationPlatforms) = preSolution
		Debug|Any CPU = Debug|Any CPU
		Release|Any CPU = Release|Any CPU
	EndGlobalSection
	GlobalSection(ProjectConfigurationPlatforms) = postSolution
		{EE224D78-6BDE-43BC-834C-C9B7671F7ADF}.Debug|Any CPU.ActiveCfg = Debug|Any CPU
		{EE224D78-6BDE-43BC-834C-C9B7671F7ADF}.Debug|Any CPU.Build.0 = Debug|Any CPU
		{EE224D78-6BDE-43BC-834C-C9B7671F7ADF}.Release|Any CPU.ActiveCfg = Release|Any CPU
		{EE224D78-6BDE-43BC-834C-C9B7671F7ADF}.Release|Any CPU.Build.0 = Release|Any CPU
	EndGlobalSection
	GlobalSection(SolutionProperties) = preSolution
		HideSolutionNode = FALSE
	EndGlobalSection
	GlobalSection(ExtensibilityGlobals) = postSolution
		SolutionGuid = {116F0A6C-962E-4ADF-8486-D4BF1B0D61DA}
	EndGlobalSection
EndGlobal
