
Microsoft Visual Studio Solution File, Format Version 12.00
# Visual Studio Version 17
VisualStudioVersion = 17.5.002.0
MinimumVisualStudioVersion = 10.0.40219.1
Project("{9A19103F-16F7-4668-BE54-9A1E7A4F7556}") = "VirtualZooManagementSystem", "VirtualZooManagementSystem.csproj", "{AFF07C7E-9C14-4F7B-B3E6-7A97BD8BED08}"
EndProject
Global
	GlobalSection(SolutionConfigurationPlatforms) = preSolution
		Debug|Any CPU = Debug|Any CPU
		Release|Any CPU = Release|Any CPU
	EndGlobalSection
	GlobalSection(ProjectConfigurationPlatforms) = postSolution
		{AFF07C7E-9C14-4F7B-B3E6-7A97BD8BED08}.Debug|Any CPU.ActiveCfg = Debug|Any CPU
		{AFF07C7E-9C14-4F7B-B3E6-7A97BD8BED08}.Debug|Any CPU.Build.0 = Debug|Any CPU
		{AFF07C7E-9C14-4F7B-B3E6-7A97BD8BED08}.Release|Any CPU.ActiveCfg = Release|Any CPU
		{AFF07C7E-9C14-4F7B-B3E6-7A97BD8BED08}.Release|Any CPU.Build.0 = Release|Any CPU
	EndGlobalSection
	GlobalSection(SolutionProperties) = preSolution
		HideSolutionNode = FALSE
	EndGlobalSection
	GlobalSection(ExtensibilityGlobals) = postSolution
		SolutionGuid = {88E3215A-1B58-4466-BD17-2E97C468B347}
	EndGlobalSection
EndGlobal
